
Microsoft Visual Studio Solution File, Format Version 12.00
# Visual Studio Version 17
VisualStudioVersion = 17.13.35828.75 d17.13
MinimumVisualStudioVersion = 10.0.40219.1
Project("{FAE04EC0-301F-11D3-BF4B-00C04F79EFBC}") = "DesktopWrapperChanger", "DesktopWrapperChanger.csproj", "{C0C61895-8C73-4A32-AB8E-1B10263734AF}"
EndProject
Global
	GlobalSection(SolutionConfigurationPlatforms) = preSolution
		Debug|Any CPU = Debug|Any CPU
		Release|Any CPU = Release|Any CPU
	EndGlobalSection
	GlobalSection(ProjectConfigurationPlatforms) = postSolution
		{C0C61895-8C73-4A32-AB8E-1B10263734AF}.Debug|Any CPU.ActiveCfg = Debug|Any CPU
		{C0C61895-8C73-4A32-AB8E-1B10263734AF}.Debug|Any CPU.Build.0 = Debug|Any CPU
		{C0C61895-8C73-4A32-AB8E-1B10263734AF}.Release|Any CPU.ActiveCfg = Release|Any CPU
		{C0C61895-8C73-4A32-AB8E-1B10263734AF}.Release|Any CPU.Build.0 = Release|Any CPU
	EndGlobalSection
	GlobalSection(SolutionProperties) = preSolution
		HideSolutionNode = FALSE
	EndGlobalSection
	GlobalSection(ExtensibilityGlobals) = postSolution
		SolutionGuid = {AC6267E2-80E2-4C1B-ACC9-DABBE1C3AA73}
	EndGlobalSection
EndGlobal
